
Microsoft Visual Studio Solution File, Format Version 12.00
# TcXaeShell Solution File, Format Version 11.00
VisualStudioVersion = 15.0.33403.129
MinimumVisualStudioVersion = 10.0.40219.1
Project("{B1E792BE-AA5F-4E3C-8C82-674BF9C0715B}") = "TwinCAT Project1", "TwinCAT Project1\TwinCAT Project1.tsproj", "{1F01CD3B-9CA6-44DF-9E16-8247CE5E8C0C}"
EndProject
Global
	GlobalSection(SolutionConfigurationPlatforms) = preSolution
		Debug|TwinCAT CE7 (ARMV7) = Debug|TwinCAT CE7 (ARMV7)
		Debug|TwinCAT OS (ARMT2) = Debug|TwinCAT OS (ARMT2)
		Debug|TwinCAT RT (x64) = Debug|TwinCAT RT (x64)
		Debug|TwinCAT RT (x86) = Debug|TwinCAT RT (x86)
		Release|TwinCAT CE7 (ARMV7) = Release|TwinCAT CE7 (ARMV7)
		Release|TwinCAT OS (ARMT2) = Release|TwinCAT OS (ARMT2)
		Release|TwinCAT RT (x64) = Release|TwinCAT RT (x64)
		Release|TwinCAT RT (x86) = Release|TwinCAT RT (x86)
	EndGlobalSection
	GlobalSection(ProjectConfigurationPlatforms) = postSolution
		{1F01CD3B-9CA6-44DF-9E16-8247CE5E8C0C}.Debug|TwinCAT CE7 (ARMV7).ActiveCfg = Debug|TwinCAT CE7 (ARMV7)
		{1F01CD3B-9CA6-44DF-9E16-8247CE5E8C0C}.Debug|TwinCAT CE7 (ARMV7).Build.0 = Debug|TwinCAT CE7 (ARMV7)
		{1F01CD3B-9CA6-44DF-9E16-8247CE5E8C0C}.Debug|TwinCAT OS (ARMT2).ActiveCfg = Debug|TwinCAT OS (ARMT2)
		{1F01CD3B-9CA6-44DF-9E16-8247CE5E8C0C}.Debug|TwinCAT OS (ARMT2).Build.0 = Debug|TwinCAT OS (ARMT2)
		{1F01CD3B-9CA6-44DF-9E16-8247CE5E8C0C}.Debug|TwinCAT RT (x64).ActiveCfg = Debug|TwinCAT RT (x64)
		{1F01CD3B-9CA6-44DF-9E16-8247CE5E8C0C}.Debug|TwinCAT RT (x64).Build.0 = Debug|TwinCAT RT (x64)
		{1F01CD3B-9CA6-44DF-9E16-8247CE5E8C0C}.Debug|TwinCAT RT (x86).ActiveCfg = Debug|TwinCAT RT (x86)
		{1F01CD3B-9CA6-44DF-9E16-8247CE5E8C0C}.Debug|TwinCAT RT (x86).Build.0 = Debug|TwinCAT RT (x86)
		{1F01CD3B-9CA6-44DF-9E16-8247CE5E8C0C}.Release|TwinCAT CE7 (ARMV7).ActiveCfg = Release|TwinCAT CE7 (ARMV7)
		{1F01CD3B-9CA6-44DF-9E16-8247CE5E8C0C}.Release|TwinCAT CE7 (ARMV7).Build.0 = Release|TwinCAT CE7 (ARMV7)
		{1F01CD3B-9CA6-44DF-9E16-8247CE5E8C0C}.Release|TwinCAT OS (ARMT2).ActiveCfg = Release|TwinCAT OS (ARMT2)
		{1F01CD3B-9CA6-44DF-9E16-8247CE5E8C0C}.Release|TwinCAT OS (ARMT2).Build.0 = Release|TwinCAT OS (ARMT2)
		{1F01CD3B-9CA6-44DF-9E16-8247CE5E8C0C}.Release|TwinCAT RT (x64).ActiveCfg = Release|TwinCAT RT (x64)
		{1F01CD3B-9CA6-44DF-9E16-8247CE5E8C0C}.Release|TwinCAT RT (x64).Build.0 = Release|TwinCAT RT (x64)
		{1F01CD3B-9CA6-44DF-9E16-8247CE5E8C0C}.Release|TwinCAT RT (x86).ActiveCfg = Release|TwinCAT RT (x86)
		{1F01CD3B-9CA6-44DF-9E16-8247CE5E8C0C}.Release|TwinCAT RT (x86).Build.0 = Release|TwinCAT RT (x86)
		{4800A439-0B72-441A-AA76-A32AF885E356}.Debug|TwinCAT CE7 (ARMV7).ActiveCfg = Debug|TwinCAT CE7 (ARMV7)
		{4800A439-0B72-441A-AA76-A32AF885E356}.Debug|TwinCAT CE7 (ARMV7).Build.0 = Debug|TwinCAT CE7 (ARMV7)
		{4800A439-0B72-441A-AA76-A32AF885E356}.Debug|TwinCAT OS (ARMT2).ActiveCfg = Debug|TwinCAT OS (ARMT2)
		{4800A439-0B72-441A-AA76-A32AF885E356}.Debug|TwinCAT OS (ARMT2).Build.0 = Debug|TwinCAT OS (ARMT2)
		{4800A439-0B72-441A-AA76-A32AF885E356}.Debug|TwinCAT RT (x64).ActiveCfg = Debug|TwinCAT RT (x64)
		{4800A439-0B72-441A-AA76-A32AF885E356}.Debug|TwinCAT RT (x64).Build.0 = Debug|TwinCAT RT (x64)
		{4800A439-0B72-441A-AA76-A32AF885E356}.Debug|TwinCAT RT (x86).ActiveCfg = Debug|TwinCAT RT (x86)
		{4800A439-0B72-441A-AA76-A32AF885E356}.Debug|TwinCAT RT (x86).Build.0 = Debug|TwinCAT RT (x86)
		{4800A439-0B72-441A-AA76-A32AF885E356}.Release|TwinCAT CE7 (ARMV7).ActiveCfg = Release|TwinCAT CE7 (ARMV7)
		{4800A439-0B72-441A-AA76-A32AF885E356}.Release|TwinCAT CE7 (ARMV7).Build.0 = Release|TwinCAT CE7 (ARMV7)
		{4800A439-0B72-441A-AA76-A32AF885E356}.Release|TwinCAT OS (ARMT2).ActiveCfg = Release|TwinCAT OS (ARMT2)
		{4800A439-0B72-441A-AA76-A32AF885E356}.Release|TwinCAT OS (ARMT2).Build.0 = Release|TwinCAT OS (ARMT2)
		{4800A439-0B72-441A-AA76-A32AF885E356}.Release|TwinCAT RT (x64).ActiveCfg = Release|TwinCAT RT (x64)
		{4800A439-0B72-441A-AA76-A32AF885E356}.Release|TwinCAT RT (x64).Build.0 = Release|TwinCAT RT (x64)
		{4800A439-0B72-441A-AA76-A32AF885E356}.Release|TwinCAT RT (x86).ActiveCfg = Release|TwinCAT RT (x86)
		{4800A439-0B72-441A-AA76-A32AF885E356}.Release|TwinCAT RT (x86).Build.0 = Release|TwinCAT RT (x86)
		{D71E270D-3BDB-4C0E-A66F-48A6A3F9733F}.Debug|TwinCAT CE7 (ARMV7).ActiveCfg = Debug|TwinCAT CE7 (ARMV7)
		{D71E270D-3BDB-4C0E-A66F-48A6A3F9733F}.Debug|TwinCAT CE7 (ARMV7).Build.0 = Debug|TwinCAT CE7 (ARMV7)
		{D71E270D-3BDB-4C0E-A66F-48A6A3F9733F}.Debug|TwinCAT OS (ARMT2).ActiveCfg = Debug|TwinCAT OS (ARMT2)
		{D71E270D-3BDB-4C0E-A66F-48A6A3F9733F}.Debug|TwinCAT OS (ARMT2).Build.0 = Debug|TwinCAT OS (ARMT2)
		{D71E270D-3BDB-4C0E-A66F-48A6A3F9733F}.Debug|TwinCAT RT (x64).ActiveCfg = Debug|TwinCAT RT (x64)
		{D71E270D-3BDB-4C0E-A66F-48A6A3F9733F}.Debug|TwinCAT RT (x64).Build.0 = Debug|TwinCAT RT (x64)
		{D71E270D-3BDB-4C0E-A66F-48A6A3F9733F}.Debug|TwinCAT RT (x86).ActiveCfg = Debug|TwinCAT RT (x86)
		{D71E270D-3BDB-4C0E-A66F-48A6A3F9733F}.Debug|TwinCAT RT (x86).Build.0 = Debug|TwinCAT RT (x86)
		{D71E270D-3BDB-4C0E-A66F-48A6A3F9733F}.Release|TwinCAT CE7 (ARMV7).ActiveCfg = Release|TwinCAT CE7 (ARMV7)
		{D71E270D-3BDB-4C0E-A66F-48A6A3F9733F}.Release|TwinCAT CE7 (ARMV7).Build.0 = Release|TwinCAT CE7 (ARMV7)
		{D71E270D-3BDB-4C0E-A66F-48A6A3F9733F}.Release|TwinCAT OS (ARMT2).ActiveCfg = Release|TwinCAT OS (ARMT2)
		{D71E270D-3BDB-4C0E-A66F-48A6A3F9733F}.Release|TwinCAT OS (ARMT2).Build.0 = Release|TwinCAT OS (ARMT2)
		{D71E270D-3BDB-4C0E-A66F-48A6A3F9733F}.Release|TwinCAT RT (x64).ActiveCfg = Release|TwinCAT RT (x64)
		{D71E270D-3BDB-4C0E-A66F-48A6A3F9733F}.Release|TwinCAT RT (x64).Build.0 = Release|TwinCAT RT (x64)
		{D71E270D-3BDB-4C0E-A66F-48A6A3F9733F}.Release|TwinCAT RT (x86).ActiveCfg = Release|TwinCAT RT (x86)
		{D71E270D-3BDB-4C0E-A66F-48A6A3F9733F}.Release|TwinCAT RT (x86).Build.0 = Release|TwinCAT RT (x86)
		{685BBC44-B99C-4541-A4E0-1490A415EA5F}.Debug|TwinCAT CE7 (ARMV7).ActiveCfg = Debug|TwinCAT CE7 (ARMV7)
		{685BBC44-B99C-4541-A4E0-1490A415EA5F}.Debug|TwinCAT CE7 (ARMV7).Build.0 = Debug|TwinCAT CE7 (ARMV7)
		{685BBC44-B99C-4541-A4E0-1490A415EA5F}.Debug|TwinCAT OS (ARMT2).ActiveCfg = Debug|TwinCAT OS (ARMT2)
		{685BBC44-B99C-4541-A4E0-1490A415EA5F}.Debug|TwinCAT OS (ARMT2).Build.0 = Debug|TwinCAT OS (ARMT2)
		{685BBC44-B99C-4541-A4E0-1490A415EA5F}.Debug|TwinCAT RT (x64).ActiveCfg = Debug|TwinCAT RT (x64)
		{685BBC44-B99C-4541-A4E0-1490A415EA5F}.Debug|TwinCAT RT (x64).Build.0 = Debug|TwinCAT RT (x64)
		{685BBC44-B99C-4541-A4E0-1490A415EA5F}.Debug|TwinCAT RT (x86).ActiveCfg = Debug|TwinCAT RT (x86)
		{685BBC44-B99C-4541-A4E0-1490A415EA5F}.Debug|TwinCAT RT (x86).Build.0 = Debug|TwinCAT RT (x86)
		{685BBC44-B99C-4541-A4E0-1490A415EA5F}.Release|TwinCAT CE7 (ARMV7).ActiveCfg = Release|TwinCAT CE7 (ARMV7)
		{685BBC44-B99C-4541-A4E0-1490A415EA5F}.Release|TwinCAT CE7 (ARMV7).Build.0 = Release|TwinCAT CE7 (ARMV7)
		{685BBC44-B99C-4541-A4E0-1490A415EA5F}.Release|TwinCAT OS (ARMT2).ActiveCfg = Release|TwinCAT OS (ARMT2)
		{685BBC44-B99C-4541-A4E0-1490A415EA5F}.Release|TwinCAT OS (ARMT2).Build.0 = Release|TwinCAT OS (ARMT2)
		{685BBC44-B99C-4541-A4E0-1490A415EA5F}.Release|TwinCAT RT (x64).ActiveCfg = Release|TwinCAT RT (x64)
		{685BBC44-B99C-4541-A4E0-1490A415EA5F}.Release|TwinCAT RT (x64).Build.0 = Release|TwinCAT RT (x64)
		{685BBC44-B99C-4541-A4E0-1490A415EA5F}.Release|TwinCAT RT (x86).ActiveCfg = Release|TwinCAT RT (x86)
		{685BBC44-B99C-4541-A4E0-1490A415EA5F}.Release|TwinCAT RT (x86).Build.0 = Release|TwinCAT RT (x86)
		{17964149-AC59-454E-8C2F-041C9086383B}.Debug|TwinCAT CE7 (ARMV7).ActiveCfg = Debug|TwinCAT CE7 (ARMV7)
		{17964149-AC59-454E-8C2F-041C9086383B}.Debug|TwinCAT CE7 (ARMV7).Build.0 = Debug|TwinCAT CE7 (ARMV7)
		{17964149-AC59-454E-8C2F-041C9086383B}.Debug|TwinCAT OS (ARMT2).ActiveCfg = Debug|TwinCAT OS (ARMT2)
		{17964149-AC59-454E-8C2F-041C9086383B}.Debug|TwinCAT OS (ARMT2).Build.0 = Debug|TwinCAT OS (ARMT2)
		{17964149-AC59-454E-8C2F-041C9086383B}.Debug|TwinCAT RT (x64).ActiveCfg = Debug|TwinCAT RT (x64)
		{17964149-AC59-454E-8C2F-041C9086383B}.Debug|TwinCAT RT (x64).Build.0 = Debug|TwinCAT RT (x64)
		{17964149-AC59-454E-8C2F-041C9086383B}.Debug|TwinCAT RT (x86).ActiveCfg = Debug|TwinCAT RT (x86)
		{17964149-AC59-454E-8C2F-041C9086383B}.Debug|TwinCAT RT (x86).Build.0 = Debug|TwinCAT RT (x86)
		{17964149-AC59-454E-8C2F-041C9086383B}.Release|TwinCAT CE7 (ARMV7).ActiveCfg = Release|TwinCAT CE7 (ARMV7)
		{17964149-AC59-454E-8C2F-041C9086383B}.Release|TwinCAT CE7 (ARMV7).Build.0 = Release|TwinCAT CE7 (ARMV7)
		{17964149-AC59-454E-8C2F-041C9086383B}.Release|TwinCAT OS (ARMT2).ActiveCfg = Release|TwinCAT OS (ARMT2)
		{17964149-AC59-454E-8C2F-041C9086383B}.Release|TwinCAT OS (ARMT2).Build.0 = Release|TwinCAT OS (ARMT2)
		{17964149-AC59-454E-8C2F-041C9086383B}.Release|TwinCAT RT (x64).ActiveCfg = Release|TwinCAT RT (x64)
		{17964149-AC59-454E-8C2F-041C9086383B}.Release|TwinCAT RT (x64).Build.0 = Release|TwinCAT RT (x64)
		{17964149-AC59-454E-8C2F-041C9086383B}.Release|TwinCAT RT (x86).ActiveCfg = Release|TwinCAT RT (x86)
		{17964149-AC59-454E-8C2F-041C9086383B}.Release|TwinCAT RT (x86).Build.0 = Release|TwinCAT RT (x86)
		{AFBEBF19-F50A-43F2-B249-B84BF69ED278}.Debug|TwinCAT CE7 (ARMV7).ActiveCfg = Debug|TwinCAT CE7 (ARMV7)
		{AFBEBF19-F50A-43F2-B249-B84BF69ED278}.Debug|TwinCAT CE7 (ARMV7).Build.0 = Debug|TwinCAT CE7 (ARMV7)
		{AFBEBF19-F50A-43F2-B249-B84BF69ED278}.Debug|TwinCAT OS (ARMT2).ActiveCfg = Debug|TwinCAT OS (ARMT2)
		{AFBEBF19-F50A-43F2-B249-B84BF69ED278}.Debug|TwinCAT OS (ARMT2).Build.0 = Debug|TwinCAT OS (ARMT2)
		{AFBEBF19-F50A-43F2-B249-B84BF69ED278}.Debug|TwinCAT RT (x64).ActiveCfg = Debug|TwinCAT RT (x64)
		{AFBEBF19-F50A-43F2-B249-B84BF69ED278}.Debug|TwinCAT RT (x64).Build.0 = Debug|TwinCAT RT (x64)
		{AFBEBF19-F50A-43F2-B249-B84BF69ED278}.Debug|TwinCAT RT (x86).ActiveCfg = Debug|TwinCAT RT (x86)
		{AFBEBF19-F50A-43F2-B249-B84BF69ED278}.Debug|TwinCAT RT (x86).Build.0 = Debug|TwinCAT RT (x86)
		{AFBEBF19-F50A-43F2-B249-B84BF69ED278}.Release|TwinCAT CE7 (ARMV7).ActiveCfg = Release|TwinCAT CE7 (ARMV7)
		{AFBEBF19-F50A-43F2-B249-B84BF69ED278}.Release|TwinCAT CE7 (ARMV7).Build.0 = Release|TwinCAT CE7 (ARMV7)
		{AFBEBF19-F50A-43F2-B249-B84BF69ED278}.Release|TwinCAT OS (ARMT2).ActiveCfg = Release|TwinCAT OS (ARMT2)
		{AFBEBF19-F50A-43F2-B249-B84BF69ED278}.Release|TwinCAT OS (ARMT2).Build.0 = Release|TwinCAT OS (ARMT2)
		{AFBEBF19-F50A-43F2-B249-B84BF69ED278}.Release|TwinCAT RT (x64).ActiveCfg = Release|TwinCAT RT (x64)
		{AFBEBF19-F50A-43F2-B249-B84BF69ED278}.Release|TwinCAT RT (x64).Build.0 = Release|TwinCAT RT (x64)
		{AFBEBF19-F50A-43F2-B249-B84BF69ED278}.Release|TwinCAT RT (x86).ActiveCfg = Release|TwinCAT RT (x86)
		{AFBEBF19-F50A-43F2-B249-B84BF69ED278}.Release|TwinCAT RT (x86).Build.0 = Release|TwinCAT RT (x86)
	EndGlobalSection
	GlobalSection(SolutionProperties) = preSolution
		HideSolutionNode = FALSE
	EndGlobalSection
	GlobalSection(ExtensibilityGlobals) = postSolution
		SolutionGuid = {D35F49B7-3827-48D6-A7F4-D98007802CA2}
	EndGlobalSection
EndGlobal
